
Microsoft Visual Studio Solution File, Format Version 12.00
# Visual Studio 15
VisualStudioVersion = 15.0.27428.2037
MinimumVisualStudioVersion = 10.0.40219.1
Project("{FAE04EC0-301F-11D3-BF4B-00C04F79EFBC}") = "TwitterClone", "TwitterClone\TwitterClone.csproj", "{FB39B854-9DFF-4A4B-A4E8-557CAF6C47D5}"
EndProject
Project("{FAE04EC0-301F-11D3-BF4B-00C04F79EFBC}") = "DAL", "DAL\DAL.csproj", "{936172EC-1C50-4610-AD7B-A669E3FA74F8}"
EndProject
Project("{FAE04EC0-301F-11D3-BF4B-00C04F79EFBC}") = "BLL", "BLL\BLL.csproj", "{366D1182-9B84-45B6-8FDF-3C7891A05DFB}"
EndProject
Project("{FAE04EC0-301F-11D3-BF4B-00C04F79EFBC}") = "TModel", "TModel\TModel.csproj", "{98DED5D7-E305-4D54-88DD-267F14B2708C}"
EndProject
Global
	GlobalSection(SolutionConfigurationPlatforms) = preSolution
		Debug|Any CPU = Debug|Any CPU
		Release|Any CPU = Release|Any CPU
	EndGlobalSection
	GlobalSection(ProjectConfigurationPlatforms) = postSolution
		{FB39B854-9DFF-4A4B-A4E8-557CAF6C47D5}.Debug|Any CPU.ActiveCfg = Debug|Any CPU
		{FB39B854-9DFF-4A4B-A4E8-557CAF6C47D5}.Debug|Any CPU.Build.0 = Debug|Any CPU
		{FB39B854-9DFF-4A4B-A4E8-557CAF6C47D5}.Release|Any CPU.ActiveCfg = Release|Any CPU
		{FB39B854-9DFF-4A4B-A4E8-557CAF6C47D5}.Release|Any CPU.Build.0 = Release|Any CPU
		{936172EC-1C50-4610-AD7B-A669E3FA74F8}.Debug|Any CPU.ActiveCfg = Debug|Any CPU
		{936172EC-1C50-4610-AD7B-A669E3FA74F8}.Debug|Any CPU.Build.0 = Debug|Any CPU
		{936172EC-1C50-4610-AD7B-A669E3FA74F8}.Release|Any CPU.ActiveCfg = Release|Any CPU
		{936172EC-1C50-4610-AD7B-A669E3FA74F8}.Release|Any CPU.Build.0 = Release|Any CPU
		{366D1182-9B84-45B6-8FDF-3C7891A05DFB}.Debug|Any CPU.ActiveCfg = Debug|Any CPU
		{366D1182-9B84-45B6-8FDF-3C7891A05DFB}.Debug|Any CPU.Build.0 = Debug|Any CPU
		{366D1182-9B84-45B6-8FDF-3C7891A05DFB}.Release|Any CPU.ActiveCfg = Release|Any CPU
		{366D1182-9B84-45B6-8FDF-3C7891A05DFB}.Release|Any CPU.Build.0 = Release|Any CPU
		{98DED5D7-E305-4D54-88DD-267F14B2708C}.Debug|Any CPU.ActiveCfg = Debug|Any CPU
		{98DED5D7-E305-4D54-88DD-267F14B2708C}.Debug|Any CPU.Build.0 = Debug|Any CPU
		{98DED5D7-E305-4D54-88DD-267F14B2708C}.Release|Any CPU.ActiveCfg = Release|Any CPU
		{98DED5D7-E305-4D54-88DD-267F14B2708C}.Release|Any CPU.Build.0 = Release|Any CPU
	EndGlobalSection
	GlobalSection(SolutionProperties) = preSolution
		HideSolutionNode = FALSE
	EndGlobalSection
	GlobalSection(ExtensibilityGlobals) = postSolution
		SolutionGuid = {CDF7B291-99E4-48D2-907A-4DC117C7139F}
	EndGlobalSection
EndGlobal
